// !$*UTF8*$!
{
	archiveVersion = 1;
	classes = {
	};
	objectVersion = 46;
	objects = {

/* Begin PBXBuildFile section */
		63281CA41A844FDE000EA3D9 /* check_green.png in Resources */ = {isa = PBXBuildFile; fileRef = 63281CA31A844FDE000EA3D9 /* check_green.png */; };
		6362C5CC1A7D7D07007D40FD /* main.m in Sources */ = {isa = PBXBuildFile; fileRef = 6362C5CB1A7D7D07007D40FD /* main.m */; };
		6362C5CF1A7D7D07007D40FD /* AppDelegate.m in Sources */ = {isa = PBXBuildFile; fileRef = 6362C5CE1A7D7D07007D40FD /* AppDelegate.m */; };
		6362C5D21A7D7D07007D40FD /* ViewController.m in Sources */ = {isa = PBXBuildFile; fileRef = 6362C5D11A7D7D07007D40FD /* ViewController.m */; };
		6362C5D51A7D7D07007D40FD /* Main.storyboard in Resources */ = {isa = PBXBuildFile; fileRef = 6362C5D31A7D7D07007D40FD /* Main.storyboard */; };
		6362C5D71A7D7D07007D40FD /* Images.xcassets in Resources */ = {isa = PBXBuildFile; fileRef = 6362C5D61A7D7D07007D40FD /* Images.xcassets */; };
		6362C5DA1A7D7D07007D40FD /* LaunchScreen.xib in Resources */ = {isa = PBXBuildFile; fileRef = 6362C5D81A7D7D07007D40FD /* LaunchScreen.xib */; };
		6362C5E61A7D7D07007D40FD /* DKAParseRestTests.m in Sources */ = {isa = PBXBuildFile; fileRef = 6362C5E51A7D7D07007D40FD /* DKAParseRestTests.m */; };
		6362C5F21A7D7E09007D40FD /* Bolts.framework in Frameworks */ = {isa = PBXBuildFile; fileRef = 6362C5EF1A7D7E09007D40FD /* Bolts.framework */; };
		6362C5F31A7D7E09007D40FD /* Parse.framework in Frameworks */ = {isa = PBXBuildFile; fileRef = 6362C5F01A7D7E09007D40FD /* Parse.framework */; };
		6362C6001A7D7E53007D40FD /* AudioToolbox.framework in Frameworks */ = {isa = PBXBuildFile; fileRef = 6362C5F51A7D7E53007D40FD /* AudioToolbox.framework */; };
		6362C6011A7D7E53007D40FD /* CFNetwork.framework in Frameworks */ = {isa = PBXBuildFile; fileRef = 6362C5F61A7D7E53007D40FD /* CFNetwork.framework */; };
		6362C6021A7D7E53007D40FD /* CoreGraphics.framework in Frameworks */ = {isa = PBXBuildFile; fileRef = 6362C5F71A7D7E53007D40FD /* CoreGraphics.framework */; };
		6362C6031A7D7E53007D40FD /* CoreLocation.framework in Frameworks */ = {isa = PBXBuildFile; fileRef = 6362C5F81A7D7E53007D40FD /* CoreLocation.framework */; };
		6362C6041A7D7E53007D40FD /* libsqlite3.dylib in Frameworks */ = {isa = PBXBuildFile; fileRef = 6362C5F91A7D7E53007D40FD /* libsqlite3.dylib */; };
		6362C6051A7D7E53007D40FD /* libz.dylib in Frameworks */ = {isa = PBXBuildFile; fileRef = 6362C5FA1A7D7E53007D40FD /* libz.dylib */; };
		6362C6061A7D7E53007D40FD /* MobileCoreServices.framework in Frameworks */ = {isa = PBXBuildFile; fileRef = 6362C5FB1A7D7E53007D40FD /* MobileCoreServices.framework */; };
		6362C6071A7D7E53007D40FD /* QuartzCore.framework in Frameworks */ = {isa = PBXBuildFile; fileRef = 6362C5FC1A7D7E53007D40FD /* QuartzCore.framework */; };
		6362C6081A7D7E53007D40FD /* Security.framework in Frameworks */ = {isa = PBXBuildFile; fileRef = 6362C5FD1A7D7E53007D40FD /* Security.framework */; };
		6362C6091A7D7E53007D40FD /* StoreKit.framework in Frameworks */ = {isa = PBXBuildFile; fileRef = 6362C5FE1A7D7E53007D40FD /* StoreKit.framework */; };
		6362C60A1A7D7E53007D40FD /* SystemConfiguration.framework in Frameworks */ = {isa = PBXBuildFile; fileRef = 6362C5FF1A7D7E53007D40FD /* SystemConfiguration.framework */; };
		71E4305AFA8A6F3D29C52C37 /* libPods.a in Frameworks */ = {isa = PBXBuildFile; fileRef = 9C5ED9674EBC5BEB7C3BEB71 /* libPods.a */; };
/* End PBXBuildFile section */

/* Begin PBXContainerItemProxy section */
		6362C5E01A7D7D07007D40FD /* PBXContainerItemProxy */ = {
			isa = PBXContainerItemProxy;
			containerPortal = 6362C5BE1A7D7D07007D40FD /* Project object */;
			proxyType = 1;
			remoteGlobalIDString = 6362C5C51A7D7D07007D40FD;
			remoteInfo = DKAParseRest;
		};
/* End PBXContainerItemProxy section */

/* Begin PBXFileReference section */
		63281CA31A844FDE000EA3D9 /* check_green.png */ = {isa = PBXFileReference; lastKnownFileType = image.png; path = check_green.png; sourceTree = "<group>"; };
		6362C5C61A7D7D07007D40FD /* DKAParseRest.app */ = {isa = PBXFileReference; explicitFileType = wrapper.application; includeInIndex = 0; path = DKAParseRest.app; sourceTree = BUILT_PRODUCTS_DIR; };
		6362C5CA1A7D7D07007D40FD /* Info.plist */ = {isa = PBXFileReference; lastKnownFileType = text.plist.xml; path = Info.plist; sourceTree = "<group>"; };
		6362C5CB1A7D7D07007D40FD /* main.m */ = {isa = PBXFileReference; lastKnownFileType = sourcecode.c.objc; path = main.m; sourceTree = "<group>"; };
		6362C5CD1A7D7D07007D40FD /* AppDelegate.h */ = {isa = PBXFileReference; lastKnownFileType = sourcecode.c.h; path = AppDelegate.h; sourceTree = "<group>"; };
		6362C5CE1A7D7D07007D40FD /* AppDelegate.m */ = {isa = PBXFileReference; lastKnownFileType = sourcecode.c.objc; path = AppDelegate.m; sourceTree = "<group>"; };
		6362C5D01A7D7D07007D40FD /* ViewController.h */ = {isa = PBXFileReference; lastKnownFileType = sourcecode.c.h; path = ViewController.h; sourceTree = "<group>"; };
		6362C5D11A7D7D07007D40FD /* ViewController.m */ = {isa = PBXFileReference; lastKnownFileType = sourcecode.c.objc; path = ViewController.m; sourceTree = "<group>"; };
		6362C5D41A7D7D07007D40FD /* Base */ = {isa = PBXFileReference; lastKnownFileType = file.storyboard; name = Base; path = Base.lproj/Main.storyboard; sourceTree = "<group>"; };
		6362C5D61A7D7D07007D40FD /* Images.xcassets */ = {isa = PBXFileReference; lastKnownFileType = folder.assetcatalog; path = Images.xcassets; sourceTree = "<group>"; };
		6362C5D91A7D7D07007D40FD /* Base */ = {isa = PBXFileReference; lastKnownFileType = file.xib; name = Base; path = Base.lproj/LaunchScreen.xib; sourceTree = "<group>"; };
		6362C5DF1A7D7D07007D40FD /* DKAParseRestTests.xctest */ = {isa = PBXFileReference; explicitFileType = wrapper.cfbundle; includeInIndex = 0; path = DKAParseRestTests.xctest; sourceTree = BUILT_PRODUCTS_DIR; };
		6362C5E41A7D7D07007D40FD /* Info.plist */ = {isa = PBXFileReference; lastKnownFileType = text.plist.xml; path = Info.plist; sourceTree = "<group>"; };
		6362C5E51A7D7D07007D40FD /* DKAParseRestTests.m */ = {isa = PBXFileReference; lastKnownFileType = sourcecode.c.objc; path = DKAParseRestTests.m; sourceTree = "<group>"; };
		6362C5EF1A7D7E09007D40FD /* Bolts.framework */ = {isa = PBXFileReference; lastKnownFileType = wrapper.framework; name = Bolts.framework; path = DKAParseRest/Bolts.framework; sourceTree = "<group>"; };
		6362C5F01A7D7E09007D40FD /* Parse.framework */ = {isa = PBXFileReference; lastKnownFileType = wrapper.framework; name = Parse.framework; path = DKAParseRest/Parse.framework; sourceTree = "<group>"; };
		6362C5F51A7D7E53007D40FD /* AudioToolbox.framework */ = {isa = PBXFileReference; lastKnownFileType = wrapper.framework; name = AudioToolbox.framework; path = System/Library/Frameworks/AudioToolbox.framework; sourceTree = SDKROOT; };
		6362C5F61A7D7E53007D40FD /* CFNetwork.framework */ = {isa = PBXFileReference; lastKnownFileType = wrapper.framework; name = CFNetwork.framework; path = System/Library/Frameworks/CFNetwork.framework; sourceTree = SDKROOT; };
		6362C5F71A7D7E53007D40FD /* CoreGraphics.framework */ = {isa = PBXFileReference; lastKnownFileType = wrapper.framework; name = CoreGraphics.framework; path = System/Library/Frameworks/CoreGraphics.framework; sourceTree = SDKROOT; };
		6362C5F81A7D7E53007D40FD /* CoreLocation.framework */ = {isa = PBXFileReference; lastKnownFileType = wrapper.framework; name = CoreLocation.framework; path = System/Library/Frameworks/CoreLocation.framework; sourceTree = SDKROOT; };
		6362C5F91A7D7E53007D40FD /* libsqlite3.dylib */ = {isa = PBXFileReference; lastKnownFileType = "compiled.mach-o.dylib"; name = libsqlite3.dylib; path = usr/lib/libsqlite3.dylib; sourceTree = SDKROOT; };
		6362C5FA1A7D7E53007D40FD /* libz.dylib */ = {isa = PBXFileReference; lastKnownFileType = "compiled.mach-o.dylib"; name = libz.dylib; path = usr/lib/libz.dylib; sourceTree = SDKROOT; };
		6362C5FB1A7D7E53007D40FD /* MobileCoreServices.framework */ = {isa = PBXFileReference; lastKnownFileType = wrapper.framework; name = MobileCoreServices.framework; path = System/Library/Frameworks/MobileCoreServices.framework; sourceTree = SDKROOT; };
		6362C5FC1A7D7E53007D40FD /* QuartzCore.framework */ = {isa = PBXFileReference; lastKnownFileType = wrapper.framework; name = QuartzCore.framework; path = System/Library/Frameworks/QuartzCore.framework; sourceTree = SDKROOT; };
		6362C5FD1A7D7E53007D40FD /* Security.framework */ = {isa = PBXFileReference; lastKnownFileType = wrapper.framework; name = Security.framework; path = System/Library/Frameworks/Security.framework; sourceTree = SDKROOT; };
		6362C5FE1A7D7E53007D40FD /* StoreKit.framework */ = {isa = PBXFileReference; lastKnownFileType = wrapper.framework; name = StoreKit.framework; path = System/Library/Frameworks/StoreKit.framework; sourceTree = SDKROOT; };
		6362C5FF1A7D7E53007D40FD /* SystemConfiguration.framework */ = {isa = PBXFileReference; lastKnownFileType = wrapper.framework; name = SystemConfiguration.framework; path = System/Library/Frameworks/SystemConfiguration.framework; sourceTree = SDKROOT; };
		9C5ED9674EBC5BEB7C3BEB71 /* libPods.a */ = {isa = PBXFileReference; explicitFileType = archive.ar; includeInIndex = 0; path = libPods.a; sourceTree = BUILT_PRODUCTS_DIR; };
		B31AB3FAC5DBC91D79A40EE4 /* Pods.release.xcconfig */ = {isa = PBXFileReference; includeInIndex = 1; lastKnownFileType = text.xcconfig; name = Pods.release.xcconfig; path = "Pods/Target Support Files/Pods/Pods.release.xcconfig"; sourceTree = "<group>"; };
		DD8C7DEA19ADB472FC69B82F /* Pods.debug.xcconfig */ = {isa = PBXFileReference; includeInIndex = 1; lastKnownFileType = text.xcconfig; name = Pods.debug.xcconfig; path = "Pods/Target Support Files/Pods/Pods.debug.xcconfig"; sourceTree = "<group>"; };
/* End PBXFileReference section */

/* Begin PBXFrameworksBuildPhase section */
		6362C5C31A7D7D07007D40FD /* Frameworks */ = {
			isa = PBXFrameworksBuildPhase;
			buildActionMask = 2147483647;
			files = (
				6362C6001A7D7E53007D40FD /* AudioToolbox.framework in Frameworks */,
				6362C6011A7D7E53007D40FD /* CFNetwork.framework in Frameworks */,
				6362C6021A7D7E53007D40FD /* CoreGraphics.framework in Frameworks */,
				6362C6031A7D7E53007D40FD /* CoreLocation.framework in Frameworks */,
				6362C6041A7D7E53007D40FD /* libsqlite3.dylib in Frameworks */,
				6362C6051A7D7E53007D40FD /* libz.dylib in Frameworks */,
				6362C6061A7D7E53007D40FD /* MobileCoreServices.framework in Frameworks */,
				6362C6071A7D7E53007D40FD /* QuartzCore.framework in Frameworks */,
				6362C6081A7D7E53007D40FD /* Security.framework in Frameworks */,
				6362C6091A7D7E53007D40FD /* StoreKit.framework in Frameworks */,
				6362C60A1A7D7E53007D40FD /* SystemConfiguration.framework in Frameworks */,
				6362C5F31A7D7E09007D40FD /* Parse.framework in Frameworks */,
				6362C5F21A7D7E09007D40FD /* Bolts.framework in Frameworks */,
				71E4305AFA8A6F3D29C52C37 /* libPods.a in Frameworks */,
			);
			runOnlyForDeploymentPostprocessing = 0;
		};
		6362C5DC1A7D7D07007D40FD /* Frameworks */ = {
			isa = PBXFrameworksBuildPhase;
			buildActionMask = 2147483647;
			files = (
			);
			runOnlyForDeploymentPostprocessing = 0;
		};
/* End PBXFrameworksBuildPhase section */

/* Begin PBXGroup section */
		549152C549C8EA5C96D140C8 /* Pods */ = {
			isa = PBXGroup;
			children = (
				DD8C7DEA19ADB472FC69B82F /* Pods.debug.xcconfig */,
				B31AB3FAC5DBC91D79A40EE4 /* Pods.release.xcconfig */,
			);
			name = Pods;
			sourceTree = "<group>";
		};
		6362C5BD1A7D7D07007D40FD = {
			isa = PBXGroup;
			children = (
				6362C5C81A7D7D07007D40FD /* DKAParseRest */,
				6362C60B1A7D7E66007D40FD /* Frameworks */,
				6362C5E21A7D7D07007D40FD /* DKAParseRestTests */,
				6362C5C71A7D7D07007D40FD /* Products */,
				549152C549C8EA5C96D140C8 /* Pods */,
			);
			sourceTree = "<group>";
		};
		6362C5C71A7D7D07007D40FD /* Products */ = {
			isa = PBXGroup;
			children = (
				6362C5C61A7D7D07007D40FD /* DKAParseRest.app */,
				6362C5DF1A7D7D07007D40FD /* DKAParseRestTests.xctest */,
			);
			name = Products;
			sourceTree = "<group>";
		};
		6362C5C81A7D7D07007D40FD /* DKAParseRest */ = {
			isa = PBXGroup;
			children = (
				6362C5CD1A7D7D07007D40FD /* AppDelegate.h */,
				6362C5CE1A7D7D07007D40FD /* AppDelegate.m */,
				6362C5D01A7D7D07007D40FD /* ViewController.h */,
				6362C5D11A7D7D07007D40FD /* ViewController.m */,
				6362C5D31A7D7D07007D40FD /* Main.storyboard */,
				6362C5D61A7D7D07007D40FD /* Images.xcassets */,
				6362C5D81A7D7D07007D40FD /* LaunchScreen.xib */,
				6362C5C91A7D7D07007D40FD /* Supporting Files */,
			);
			path = DKAParseRest;
			sourceTree = "<group>";
		};
		6362C5C91A7D7D07007D40FD /* Supporting Files */ = {
			isa = PBXGroup;
			children = (
				63281CA31A844FDE000EA3D9 /* check_green.png */,
				6362C5CA1A7D7D07007D40FD /* Info.plist */,
				6362C5CB1A7D7D07007D40FD /* main.m */,
			);
			name = "Supporting Files";
			sourceTree = "<group>";
		};
		6362C5E21A7D7D07007D40FD /* DKAParseRestTests */ = {
			isa = PBXGroup;
			children = (
				6362C5E51A7D7D07007D40FD /* DKAParseRestTests.m */,
				6362C5E31A7D7D07007D40FD /* Supporting Files */,
			);
			path = DKAParseRestTests;
			sourceTree = "<group>";
		};
		6362C5E31A7D7D07007D40FD /* Supporting Files */ = {
			isa = PBXGroup;
			children = (
				6362C5E41A7D7D07007D40FD /* Info.plist */,
			);
			name = "Supporting Files";
			sourceTree = "<group>";
		};
		6362C60B1A7D7E66007D40FD /* Frameworks */ = {
			isa = PBXGroup;
			children = (
				6362C5F51A7D7E53007D40FD /* AudioToolbox.framework */,
				6362C5F61A7D7E53007D40FD /* CFNetwork.framework */,
				6362C5F71A7D7E53007D40FD /* CoreGraphics.framework */,
				6362C5F81A7D7E53007D40FD /* CoreLocation.framework */,
				6362C5F91A7D7E53007D40FD /* libsqlite3.dylib */,
				6362C5FA1A7D7E53007D40FD /* libz.dylib */,
				6362C5FB1A7D7E53007D40FD /* MobileCoreServices.framework */,
				6362C5FC1A7D7E53007D40FD /* QuartzCore.framework */,
				6362C5FD1A7D7E53007D40FD /* Security.framework */,
				6362C5FE1A7D7E53007D40FD /* StoreKit.framework */,
				6362C5FF1A7D7E53007D40FD /* SystemConfiguration.framework */,
				6362C5EF1A7D7E09007D40FD /* Bolts.framework */,
				6362C5F01A7D7E09007D40FD /* Parse.framework */,
				9C5ED9674EBC5BEB7C3BEB71 /* libPods.a */,
			);
			name = Frameworks;
			sourceTree = "<group>";
		};
/* End PBXGroup section */

/* Begin PBXNativeTarget section */
		6362C5C51A7D7D07007D40FD /* DKAParseRest */ = {
			isa = PBXNativeTarget;
			buildConfigurationList = 6362C5E91A7D7D07007D40FD /* Build configuration list for PBXNativeTarget "DKAParseRest" */;
			buildPhases = (
				6A75CA58BE9E0A8FFB46B4D2 /* Check Pods Manifest.lock */,
				6362C5C21A7D7D07007D40FD /* Sources */,
				6362C5C31A7D7D07007D40FD /* Frameworks */,
				6362C5C41A7D7D07007D40FD /* Resources */,
				763A6DC7C43DF94BF3DF59CE /* Copy Pods Resources */,
			);
			buildRules = (
			);
			dependencies = (
			);
			name = DKAParseRest;
			productName = DKAParseRest;
			productReference = 6362C5C61A7D7D07007D40FD /* DKAParseRest.app */;
			productType = "com.apple.product-type.application";
		};
		6362C5DE1A7D7D07007D40FD /* DKAParseRestTests */ = {
			isa = PBXNativeTarget;
			buildConfigurationList = 6362C5EC1A7D7D07007D40FD /* Build configuration list for PBXNativeTarget "DKAParseRestTests" */;
			buildPhases = (
				6362C5DB1A7D7D07007D40FD /* Sources */,
				6362C5DC1A7D7D07007D40FD /* Frameworks */,
				6362C5DD1A7D7D07007D40FD /* Resources */,
			);
			buildRules = (
			);
			dependencies = (
				6362C5E11A7D7D07007D40FD /* PBXTargetDependency */,
			);
			name = DKAParseRestTests;
			productName = DKAParseRestTests;
			productReference = 6362C5DF1A7D7D07007D40FD /* DKAParseRestTests.xctest */;
			productType = "com.apple.product-type.bundle.unit-test";
		};
/* End PBXNativeTarget section */

/* Begin PBXProject section */
		6362C5BE1A7D7D07007D40FD /* Project object */ = {
			isa = PBXProject;
			attributes = {
				LastUpgradeCheck = 0610;
				ORGANIZATIONNAME = "Daniel Kerbel";
				TargetAttributes = {
					6362C5C51A7D7D07007D40FD = {
						CreatedOnToolsVersion = 6.1.1;
					};
					6362C5DE1A7D7D07007D40FD = {
						CreatedOnToolsVersion = 6.1.1;
						TestTargetID = 6362C5C51A7D7D07007D40FD;
					};
				};
			};
			buildConfigurationList = 6362C5C11A7D7D07007D40FD /* Build configuration list for PBXProject "DKAParseRest" */;
			compatibilityVersion = "Xcode 3.2";
			developmentRegion = English;
			hasScannedForEncodings = 0;
			knownRegions = (
				en,
				Base,
			);
			mainGroup = 6362C5BD1A7D7D07007D40FD;
			productRefGroup = 6362C5C71A7D7D07007D40FD /* Products */;
			projectDirPath = "";
			projectRoot = "";
			targets = (
				6362C5C51A7D7D07007D40FD /* DKAParseRest */,
				6362C5DE1A7D7D07007D40FD /* DKAParseRestTests */,
			);
		};
/* End PBXProject section */

/* Begin PBXResourcesBuildPhase section */
		6362C5C41A7D7D07007D40FD /* Resources */ = {
			isa = PBXResourcesBuildPhase;
			buildActionMask = 2147483647;
			files = (
				63281CA41A844FDE000EA3D9 /* check_green.png in Resources */,
				6362C5D51A7D7D07007D40FD /* Main.storyboard in Resources */,
				6362C5DA1A7D7D07007D40FD /* LaunchScreen.xib in Resources */,
				6362C5D71A7D7D07007D40FD /* Images.xcassets in Resources */,
			);
			runOnlyForDeploymentPostprocessing = 0;
		};
		6362C5DD1A7D7D07007D40FD /* Resources */ = {
			isa = PBXResourcesBuildPhase;
			buildActionMask = 2147483647;
			files = (
			);
			runOnlyForDeploymentPostprocessing = 0;
		};
/* End PBXResourcesBuildPhase section */

/* Begin PBXShellScriptBuildPhase section */
		6A75CA58BE9E0A8FFB46B4D2 /* Check Pods Manifest.lock */ = {
			isa = PBXShellScriptBuildPhase;
			buildActionMask = 2147483647;
			files = (
			);
			inputPaths = (
			);
			name = "Check Pods Manifest.lock";
			outputPaths = (
			);
			runOnlyForDeploymentPostprocessing = 0;
			shellPath = /bin/sh;
			shellScript = "diff \"${PODS_ROOT}/../Podfile.lock\" \"${PODS_ROOT}/Manifest.lock\" > /dev/null\nif [[ $? != 0 ]] ; then\n    cat << EOM\nerror: The sandbox is not in sync with the Podfile.lock. Run 'pod install' or update your CocoaPods installation.\nEOM\n    exit 1\nfi\n";
			showEnvVarsInLog = 0;
		};
		763A6DC7C43DF94BF3DF59CE /* Copy Pods Resources */ = {
			isa = PBXShellScriptBuildPhase;
			buildActionMask = 2147483647;
			files = (
			);
			inputPaths = (
			);
			name = "Copy Pods Resources";
			outputPaths = (
			);
			runOnlyForDeploymentPostprocessing = 0;
			shellPath = /bin/sh;
			shellScript = "\"${SRCROOT}/Pods/Target Support Files/Pods/Pods-resources.sh\"\n";
			showEnvVarsInLog = 0;
		};
/* End PBXShellScriptBuildPhase section */

/* Begin PBXSourcesBuildPhase section */
		6362C5C21A7D7D07007D40FD /* Sources */ = {
			isa = PBXSourcesBuildPhase;
			buildActionMask = 2147483647;
			files = (
				6362C5D21A7D7D07007D40FD /* ViewController.m in Sources */,
				6362C5CF1A7D7D07007D40FD /* AppDelegate.m in Sources */,
				6362C5CC1A7D7D07007D40FD /* main.m in Sources */,
			);
			runOnlyForDeploymentPostprocessing = 0;
		};
		6362C5DB1A7D7D07007D40FD /* Sources */ = {
			isa = PBXSourcesBuildPhase;
			buildActionMask = 2147483647;
			files = (
				6362C5E61A7D7D07007D40FD /* DKAParseRestTests.m in Sources */,
			);
			runOnlyForDeploymentPostprocessing = 0;
		};
/* End PBXSourcesBuildPhase section */

/* Begin PBXTargetDependency section */
		6362C5E11A7D7D07007D40FD /* PBXTargetDependency */ = {
			isa = PBXTargetDependency;
			target = 6362C5C51A7D7D07007D40FD /* DKAParseRest */;
			targetProxy = 6362C5E01A7D7D07007D40FD /* PBXContainerItemProxy */;
		};
/* End PBXTargetDependency section */

/* Begin PBXVariantGroup section */
		6362C5D31A7D7D07007D40FD /* Main.storyboard */ = {
			isa = PBXVariantGroup;
			children = (
				6362C5D41A7D7D07007D40FD /* Base */,
			);
			name = Main.storyboard;
			sourceTree = "<group>";
		};
		6362C5D81A7D7D07007D40FD /* LaunchScreen.xib */ = {
			isa = PBXVariantGroup;
			children = (
				6362C5D91A7D7D07007D40FD /* Base */,
			);
			name = LaunchScreen.xib;
			sourceTree = "<group>";
		};
/* End PBXVariantGroup section */

/* Begin XCBuildConfiguration section */
		6362C5E71A7D7D07007D40FD /* Debug */ = {
			isa = XCBuildConfiguration;
			buildSettings = {
				ALWAYS_SEARCH_USER_PATHS = NO;
				CLANG_CXX_LANGUAGE_STANDARD = "gnu++0x";
				CLANG_CXX_LIBRARY = "libc++";
				CLANG_ENABLE_MODULES = YES;
				CLANG_ENABLE_OBJC_ARC = YES;
				CLANG_WARN_BOOL_CONVERSION = YES;
				CLANG_WARN_CONSTANT_CONVERSION = YES;
				CLANG_WARN_DIRECT_OBJC_ISA_USAGE = YES_ERROR;
				CLANG_WARN_EMPTY_BODY = YES;
				CLANG_WARN_ENUM_CONVERSION = YES;
				CLANG_WARN_INT_CONVERSION = YES;
				CLANG_WARN_OBJC_ROOT_CLASS = YES_ERROR;
				CLANG_WARN_UNREACHABLE_CODE = YES;
				CLANG_WARN__DUPLICATE_METHOD_MATCH = YES;
				"CODE_SIGN_IDENTITY[sdk=iphoneos*]" = "iPhone Developer";
				COPY_PHASE_STRIP = NO;
				ENABLE_STRICT_OBJC_MSGSEND = YES;
				GCC_C_LANGUAGE_STANDARD = gnu99;
				GCC_DYNAMIC_NO_PIC = NO;
				GCC_OPTIMIZATION_LEVEL = 0;
				GCC_PREPROCESSOR_DEFINITIONS = (
					"DEBUG=1",
					"$(inherited)",
				);
				GCC_SYMBOLS_PRIVATE_EXTERN = NO;
				GCC_WARN_64_TO_32_BIT_CONVERSION = YES;
				GCC_WARN_ABOUT_RETURN_TYPE = YES_ERROR;
				GCC_WARN_UNDECLARED_SELECTOR = YES;
				GCC_WARN_UNINITIALIZED_AUTOS = YES_AGGRESSIVE;
				GCC_WARN_UNUSED_FUNCTION = YES;
				GCC_WARN_UNUSED_VARIABLE = YES;
				IPHONEOS_DEPLOYMENT_TARGET = 8.1;
				MTL_ENABLE_DEBUG_INFO = YES;
				ONLY_ACTIVE_ARCH = YES;
				SDKROOT = iphoneos;
			};
			name = Debug;
		};
		6362C5E81A7D7D07007D40FD /* Release */ = {
			isa = XCBuildConfiguration;
			buildSettings = {
				ALWAYS_SEARCH_USER_PATHS = NO;
				CLANG_CXX_LANGUAGE_STANDARD = "gnu++0x";
				CLANG_CXX_LIBRARY = "libc++";
				CLANG_ENABLE_MODULES = YES;
				CLANG_ENABLE_OBJC_ARC = YES;
				CLANG_WARN_BOOL_CONVERSION = YES;
				CLANG_WARN_CONSTANT_CONVERSION = YES;
				CLANG_WARN_DIRECT_OBJC_ISA_USAGE = YES_ERROR;
				CLANG_WARN_EMPTY_BODY = YES;
				CLANG_WARN_ENUM_CONVERSION = YES;
				CLANG_WARN_INT_CONVERSION = YES;
				CLANG_WARN_OBJC_ROOT_CLASS = YES_ERROR;
				CLANG_WARN_UNREACHABLE_CODE = YES;
				CLANG_WARN__DUPLICATE_METHOD_MATCH = YES;
				"CODE_SIGN_IDENTITY[sdk=iphoneos*]" = "iPhone Developer";
				COPY_PHASE_STRIP = YES;
				ENABLE_NS_ASSERTIONS = NO;
				ENABLE_STRICT_OBJC_MSGSEND = YES;
				GCC_C_LANGUAGE_STANDARD = gnu99;
				GCC_WARN_64_TO_32_BIT_CONVERSION = YES;
				GCC_WARN_ABOUT_RETURN_TYPE = YES_ERROR;
				GCC_WARN_UNDECLARED_SELECTOR = YES;
				GCC_WARN_UNINITIALIZED_AUTOS = YES_AGGRESSIVE;
				GCC_WARN_UNUSED_FUNCTION = YES;
				GCC_WARN_UNUSED_VARIABLE = YES;
				IPHONEOS_DEPLOYMENT_TARGET = 8.1;
				MTL_ENABLE_DEBUG_INFO = NO;
				SDKROOT = iphoneos;
				VALIDATE_PRODUCT = YES;
			};
			name = Release;
		};
		6362C5EA1A7D7D07007D40FD /* Debug */ = {
			isa = XCBuildConfiguration;
			baseConfigurationReference = DD8C7DEA19ADB472FC69B82F /* Pods.debug.xcconfig */;
			buildSettings = {
				ASSETCATALOG_COMPILER_APPICON_NAME = AppIcon;
				FRAMEWORK_SEARCH_PATHS = (
					"$(inherited)",
					"$(PROJECT_DIR)/DKAParseRest",
				);
				INFOPLIST_FILE = DKAParseRest/Info.plist;
				LD_RUNPATH_SEARCH_PATHS = "$(inherited) @executable_path/Frameworks";
				PRODUCT_NAME = "$(TARGET_NAME)";
			};
			name = Debug;
		};
		6362C5EB1A7D7D07007D40FD /* Release */ = {
			isa = XCBuildConfiguration;
			baseConfigurationReference = B31AB3FAC5DBC91D79A40EE4 /* Pods.release.xcconfig */;
			buildSettings = {
				ASSETCATALOG_COMPILER_APPICON_NAME = AppIcon;
				FRAMEWORK_SEARCH_PATHS = (
					"$(inherited)",
					"$(PROJECT_DIR)/DKAParseRest",
				);
				INFOPLIST_FILE = DKAParseRest/Info.plist;
				LD_RUNPATH_SEARCH_PATHS = "$(inherited) @executable_path/Frameworks";
				PRODUCT_NAME = "$(TARGET_NAME)";
			};
			name = Release;
		};
		6362C5ED1A7D7D07007D40FD /* Debug */ = {
			isa = XCBuildConfiguration;
			buildSettings = {
				BUNDLE_LOADER = "$(TEST_HOST)";
				FRAMEWORK_SEARCH_PATHS = (
					"$(SDKROOT)/Developer/Library/Frameworks",
					"$(inherited)",
				);
				GCC_PREPROCESSOR_DEFINITIONS = (
					"DEBUG=1",
					"$(inherited)",
				);
				INFOPLIST_FILE = DKAParseRestTests/Info.plist;
				LD_RUNPATH_SEARCH_PATHS = "$(inherited) @executable_path/Frameworks @loader_path/Frameworks";
				PRODUCT_NAME = "$(TARGET_NAME)";
				TEST_HOST = "$(BUILT_PRODUCTS_DIR)/DKAParseRest.app/DKAParseRest";
			};
			name = Debug;
		};
		6362C5EE1A7D7D07007D40FD /* Release */ = {
			isa = XCBuildConfiguration;
			buildSettings = {
				BUNDLE_LOADER = "$(TEST_HOST)";
				FRAMEWORK_SEARCH_PATHS = (
					"$(SDKROOT)/Developer/Library/Frameworks",
					"$(inherited)",
				);
				INFOPLIST_FILE = DKAParseRestTests/Info.plist;
				LD_RUNPATH_SEARCH_PATHS = "$(inherited) @executable_path/Frameworks @loader_path/Frameworks";
				PRODUCT_NAME = "$(TARGET_NAME)";
				TEST_HOST = "$(BUILT_PRODUCTS_DIR)/DKAParseRest.app/DKAParseRest";
			};
			name = Release;
		};
/* End XCBuildConfiguration section */

/* Begin XCConfigurationList section */
		6362C5C11A7D7D07007D40FD /* Build configuration list for PBXProject "DKAParseRest" */ = {
			isa = XCConfigurationList;
			buildConfigurations = (
				6362C5E71A7D7D07007D40FD /* Debug */,
				6362C5E81A7D7D07007D40FD /* Release */,
			);
			defaultConfigurationIsVisible = 0;
			defaultConfigurationName = Release;
		};
		6362C5E91A7D7D07007D40FD /* Build configuration list for PBXNativeTarget "DKAParseRest" */ = {
			isa = XCConfigurationList;
			buildConfigurations = (
				6362C5EA1A7D7D07007D40FD /* Debug */,
				6362C5EB1A7D7D07007D40FD /* Release */,
			);
			defaultConfigurationIsVisible = 0;
			defaultConfigurationName = Release;
		};
		6362C5EC1A7D7D07007D40FD /* Build configuration list for PBXNativeTarget "DKAParseRestTests" */ = {
			isa = XCConfigurationList;
			buildConfigurations = (
				6362C5ED1A7D7D07007D40FD /* Debug */,
				6362C5EE1A7D7D07007D40FD /* Release */,
			);
			defaultConfigurationIsVisible = 0;
			defaultConfigurationName = Release;
		};
/* End XCConfigurationList section */
	};
	rootObject = 6362C5BE1A7D7D07007D40FD /* Project object */;
}
